// !$*UTF8*$!
{
	archiveVersion = 1;
	classes = {
	};
	objectVersion = 56;
	objects = {

/* Begin PBXBuildFile section */
		A1BAC86B2C366F0800F96F77 /* TimeRange.swift in Sources */ = {isa = PBXBuildFile; fileRef = A1BAC86A2C366EFF00F96F77 /* TimeRange.swift */; };
		A1BAC86E2C3671B200F96F77 /* TimeRangeError.swift in Sources */ = {isa = PBXBuildFile; fileRef = A1BAC86D2C3671B200F96F77 /* TimeRangeError.swift */; };
		A1CA0F1A2C364C760057711F /* TimeCheckerApp.swift in Sources */ = {isa = PBXBuildFile; fileRef = A1CA0F192C364C760057711F /* TimeCheckerApp.swift */; };
		A1CA0F1C2C364C760057711F /* ContentView.swift in Sources */ = {isa = PBXBuildFile; fileRef = A1CA0F1B2C364C760057711F /* ContentView.swift */; };
		A1CA0F1E2C364C780057711F /* Assets.xcassets in Resources */ = {isa = PBXBuildFile; fileRef = A1CA0F1D2C364C780057711F /* Assets.xcassets */; };
		A1CA0F212C364C780057711F /* Preview Assets.xcassets in Resources */ = {isa = PBXBuildFile; fileRef = A1CA0F202C364C780057711F /* Preview Assets.xcassets */; };
		A1CA0F2B2C364C780057711F /* TimeRangeTests.swift in Sources */ = {isa = PBXBuildFile; fileRef = A1CA0F2A2C364C780057711F /* TimeRangeTests.swift */; };
		A1CA0F352C364C780057711F /* TimeCheckerUITests.swift in Sources */ = {isa = PBXBuildFile; fileRef = A1CA0F342C364C780057711F /* TimeCheckerUITests.swift */; };
		A1CA0F372C364C780057711F /* TimeCheckerUITestsLaunchTests.swift in Sources */ = {isa = PBXBuildFile; fileRef = A1CA0F362C364C780057711F /* TimeCheckerUITestsLaunchTests.swift */; };
/* End PBXBuildFile section */

/* Begin PBXContainerItemProxy section */
		A1CA0F272C364C780057711F /* PBXContainerItemProxy */ = {
			isa = PBXContainerItemProxy;
			containerPortal = A1CA0F0E2C364C760057711F /* Project object */;
			proxyType = 1;
			remoteGlobalIDString = A1CA0F152C364C760057711F;
			remoteInfo = TimeChecker;
		};
		A1CA0F312C364C780057711F /* PBXContainerItemProxy */ = {
			isa = PBXContainerItemProxy;
			containerPortal = A1CA0F0E2C364C760057711F /* Project object */;
			proxyType = 1;
			remoteGlobalIDString = A1CA0F152C364C760057711F;
			remoteInfo = TimeChecker;
		};
/* End PBXContainerItemProxy section */

/* Begin PBXFileReference section */
		A1BAC86A2C366EFF00F96F77 /* TimeRange.swift */ = {isa = PBXFileReference; lastKnownFileType = sourcecode.swift; path = TimeRange.swift; sourceTree = "<group>"; };
		A1BAC86D2C3671B200F96F77 /* TimeRangeError.swift */ = {isa = PBXFileReference; lastKnownFileType = sourcecode.swift; path = TimeRangeError.swift; sourceTree = "<group>"; };
		A1CA0F162C364C760057711F /* TimeChecker.app */ = {isa = PBXFileReference; explicitFileType = wrapper.application; includeInIndex = 0; path = TimeChecker.app; sourceTree = BUILT_PRODUCTS_DIR; };
		A1CA0F192C364C760057711F /* TimeCheckerApp.swift */ = {isa = PBXFileReference; lastKnownFileType = sourcecode.swift; path = TimeCheckerApp.swift; sourceTree = "<group>"; };
		A1CA0F1B2C364C760057711F /* ContentView.swift */ = {isa = PBXFileReference; lastKnownFileType = sourcecode.swift; path = ContentView.swift; sourceTree = "<group>"; };
		A1CA0F1D2C364C780057711F /* Assets.xcassets */ = {isa = PBXFileReference; lastKnownFileType = folder.assetcatalog; path = Assets.xcassets; sourceTree = "<group>"; };
		A1CA0F202C364C780057711F /* Preview Assets.xcassets */ = {isa = PBXFileReference; lastKnownFileType = folder.assetcatalog; path = "Preview Assets.xcassets"; sourceTree = "<group>"; };
		A1CA0F262C364C780057711F /* TimeCheckerTests.xctest */ = {isa = PBXFileReference; explicitFileType = wrapper.cfbundle; includeInIndex = 0; path = TimeCheckerTests.xctest; sourceTree = BUILT_PRODUCTS_DIR; };
		A1CA0F2A2C364C780057711F /* TimeRangeTests.swift */ = {isa = PBXFileReference; lastKnownFileType = sourcecode.swift; path = TimeRangeTests.swift; sourceTree = "<group>"; };
		A1CA0F302C364C780057711F /* TimeCheckerUITests.xctest */ = {isa = PBXFileReference; explicitFileType = wrapper.cfbundle; includeInIndex = 0; path = TimeCheckerUITests.xctest; sourceTree = BUILT_PRODUCTS_DIR; };
		A1CA0F342C364C780057711F /* TimeCheckerUITests.swift */ = {isa = PBXFileReference; lastKnownFileType = sourcecode.swift; path = TimeCheckerUITests.swift; sourceTree = "<group>"; };
		A1CA0F362C364C780057711F /* TimeCheckerUITestsLaunchTests.swift */ = {isa = PBXFileReference; lastKnownFileType = sourcecode.swift; path = TimeCheckerUITestsLaunchTests.swift; sourceTree = "<group>"; };
/* End PBXFileReference section */

/* Begin PBXFrameworksBuildPhase section */
		A1CA0F132C364C760057711F /* Frameworks */ = {
			isa = PBXFrameworksBuildPhase;
			buildActionMask = 2147483647;
			files = (
			);
			runOnlyForDeploymentPostprocessing = 0;
		};
		A1CA0F232C364C780057711F /* Frameworks */ = {
			isa = PBXFrameworksBuildPhase;
			buildActionMask = 2147483647;
			files = (
			);
			runOnlyForDeploymentPostprocessing = 0;
		};
		A1CA0F2D2C364C780057711F /* Frameworks */ = {
			isa = PBXFrameworksBuildPhase;
			buildActionMask = 2147483647;
			files = (
			);
			runOnlyForDeploymentPostprocessing = 0;
		};
/* End PBXFrameworksBuildPhase section */

/* Begin PBXGroup section */
		A1BAC8692C366EF800F96F77 /* Models */ = {
			isa = PBXGroup;
			children = (
				A1BAC86A2C366EFF00F96F77 /* TimeRange.swift */,
			);
			path = Models;
			sourceTree = "<group>";
		};
		A1BAC86C2C3671AC00F96F77 /* Errors */ = {
			isa = PBXGroup;
			children = (
				A1BAC86D2C3671B200F96F77 /* TimeRangeError.swift */,
			);
			path = Errors;
			sourceTree = "<group>";
		};
		A1CA0F0D2C364C760057711F = {
			isa = PBXGroup;
			children = (
				A1CA0F182C364C760057711F /* TimeChecker */,
				A1CA0F292C364C780057711F /* TimeCheckerTests */,
				A1CA0F332C364C780057711F /* TimeCheckerUITests */,
				A1CA0F172C364C760057711F /* Products */,
			);
			sourceTree = "<group>";
		};
		A1CA0F172C364C760057711F /* Products */ = {
			isa = PBXGroup;
			children = (
				A1CA0F162C364C760057711F /* TimeChecker.app */,
				A1CA0F262C364C780057711F /* TimeCheckerTests.xctest */,
				A1CA0F302C364C780057711F /* TimeCheckerUITests.xctest */,
			);
			name = Products;
			sourceTree = "<group>";
		};
		A1CA0F182C364C760057711F /* TimeChecker */ = {
			isa = PBXGroup;
			children = (
				A1CA0F192C364C760057711F /* TimeCheckerApp.swift */,
				A1BAC86C2C3671AC00F96F77 /* Errors */,
				A1BAC8692C366EF800F96F77 /* Models */,
				A1CA0F1B2C364C760057711F /* ContentView.swift */,
				A1CA0F1D2C364C780057711F /* Assets.xcassets */,
				A1CA0F1F2C364C780057711F /* Preview Content */,
			);
			path = TimeChecker;
			sourceTree = "<group>";
		};
		A1CA0F1F2C364C780057711F /* Preview Content */ = {
			isa = PBXGroup;
			children = (
				A1CA0F202C364C780057711F /* Preview Assets.xcassets */,
			);
			path = "Preview Content";
			sourceTree = "<group>";
		};
		A1CA0F292C364C780057711F /* TimeCheckerTests */ = {
			isa = PBXGroup;
			children = (
				A1CA0F2A2C364C780057711F /* TimeRangeTests.swift */,
			);
			path = TimeCheckerTests;
			sourceTree = "<group>";
		};
		A1CA0F332C364C780057711F /* TimeCheckerUITests */ = {
			isa = PBXGroup;
			children = (
				A1CA0F342C364C780057711F /* TimeCheckerUITests.swift */,
				A1CA0F362C364C780057711F /* TimeCheckerUITestsLaunchTests.swift */,
			);
			path = TimeCheckerUITests;
			sourceTree = "<group>";
		};
/* End PBXGroup section */

/* Begin PBXNativeTarget section */
		A1CA0F152C364C760057711F /* TimeChecker */ = {
			isa = PBXNativeTarget;
			buildConfigurationList = A1CA0F3A2C364C780057711F /* Build configuration list for PBXNativeTarget "TimeChecker" */;
			buildPhases = (
				A1CA0F122C364C760057711F /* Sources */,
				A1CA0F132C364C760057711F /* Frameworks */,
				A1CA0F142C364C760057711F /* Resources */,
			);
			buildRules = (
			);
			dependencies = (
			);
			name = TimeChecker;
			productName = TimeChecker;
			productReference = A1CA0F162C364C760057711F /* TimeChecker.app */;
			productType = "com.apple.product-type.application";
		};
		A1CA0F252C364C780057711F /* TimeCheckerTests */ = {
			isa = PBXNativeTarget;
			buildConfigurationList = A1CA0F3D2C364C780057711F /* Build configuration list for PBXNativeTarget "TimeCheckerTests" */;
			buildPhases = (
				A1CA0F222C364C780057711F /* Sources */,
				A1CA0F232C364C780057711F /* Frameworks */,
				A1CA0F242C364C780057711F /* Resources */,
			);
			buildRules = (
			);
			dependencies = (
				A1CA0F282C364C780057711F /* PBXTargetDependency */,
			);
			name = TimeCheckerTests;
			productName = TimeCheckerTests;
			productReference = A1CA0F262C364C780057711F /* TimeCheckerTests.xctest */;
			productType = "com.apple.product-type.bundle.unit-test";
		};
		A1CA0F2F2C364C780057711F /* TimeCheckerUITests */ = {
			isa = PBXNativeTarget;
			buildConfigurationList = A1CA0F402C364C780057711F /* Build configuration list for PBXNativeTarget "TimeCheckerUITests" */;
			buildPhases = (
				A1CA0F2C2C364C780057711F /* Sources */,
				A1CA0F2D2C364C780057711F /* Frameworks */,
				A1CA0F2E2C364C780057711F /* Resources */,
			);
			buildRules = (
			);
			dependencies = (
				A1CA0F322C364C780057711F /* PBXTargetDependency */,
			);
			name = TimeCheckerUITests;
			productName = TimeCheckerUITests;
			productReference = A1CA0F302C364C780057711F /* TimeCheckerUITests.xctest */;
			productType = "com.apple.product-type.bundle.ui-testing";
		};
/* End PBXNativeTarget section */

/* Begin PBXProject section */
		A1CA0F0E2C364C760057711F /* Project object */ = {
			isa = PBXProject;
			attributes = {
				BuildIndependentTargetsInParallel = 1;
				LastSwiftUpdateCheck = 1520;
				LastUpgradeCheck = 1520;
				TargetAttributes = {
					A1CA0F152C364C760057711F = {
						CreatedOnToolsVersion = 15.2;
					};
					A1CA0F252C364C780057711F = {
						CreatedOnToolsVersion = 15.2;
						TestTargetID = A1CA0F152C364C760057711F;
					};
					A1CA0F2F2C364C780057711F = {
						CreatedOnToolsVersion = 15.2;
						TestTargetID = A1CA0F152C364C760057711F;
					};
				};
			};
			buildConfigurationList = A1CA0F112C364C760057711F /* Build configuration list for PBXProject "TimeChecker" */;
			compatibilityVersion = "Xcode 14.0";
			developmentRegion = en;
			hasScannedForEncodings = 0;
			knownRegions = (
				en,
				Base,
			);
			mainGroup = A1CA0F0D2C364C760057711F;
			productRefGroup = A1CA0F172C364C760057711F /* Products */;
			projectDirPath = "";
			projectRoot = "";
			targets = (
				A1CA0F152C364C760057711F /* TimeChecker */,
				A1CA0F252C364C780057711F /* TimeCheckerTests */,
				A1CA0F2F2C364C780057711F /* TimeCheckerUITests */,
			);
		};
/* End PBXProject section */

/* Begin PBXResourcesBuildPhase section */
		A1CA0F142C364C760057711F /* Resources */ = {
			isa = PBXResourcesBuildPhase;
			buildActionMask = 2147483647;
			files = (
				A1CA0F212C364C780057711F /* Preview Assets.xcassets in Resources */,
				A1CA0F1E2C364C780057711F /* Assets.xcassets in Resources */,
			);
			runOnlyForDeploymentPostprocessing = 0;
		};
		A1CA0F242C364C780057711F /* Resources */ = {
			isa = PBXResourcesBuildPhase;
			buildActionMask = 2147483647;
			files = (
			);
			runOnlyForDeploymentPostprocessing = 0;
		};
		A1CA0F2E2C364C780057711F /* Resources */ = {
			isa = PBXResourcesBuildPhase;
			buildActionMask = 2147483647;
			files = (
			);
			runOnlyForDeploymentPostprocessing = 0;
		};
/* End PBXResourcesBuildPhase section */

/* Begin PBXSourcesBuildPhase section */
		A1CA0F122C364C760057711F /* Sources */ = {
			isa = PBXSourcesBuildPhase;
			buildActionMask = 2147483647;
			files = (
				A1CA0F1C2C364C760057711F /* ContentView.swift in Sources */,
				A1CA0F1A2C364C760057711F /* TimeCheckerApp.swift in Sources */,
				A1BAC86E2C3671B200F96F77 /* TimeRangeError.swift in Sources */,
				A1BAC86B2C366F0800F96F77 /* TimeRange.swift in Sources */,
			);
			runOnlyForDeploymentPostprocessing = 0;
		};
		A1CA0F222C364C780057711F /* Sources */ = {
			isa = PBXSourcesBuildPhase;
			buildActionMask = 2147483647;
			files = (
				A1CA0F2B2C364C780057711F /* TimeRangeTests.swift in Sources */,
			);
			runOnlyForDeploymentPostprocessing = 0;
		};
		A1CA0F2C2C364C780057711F /* Sources */ = {
			isa = PBXSourcesBuildPhase;
			buildActionMask = 2147483647;
			files = (
				A1CA0F352C364C780057711F /* TimeCheckerUITests.swift in Sources */,
				A1CA0F372C364C780057711F /* TimeCheckerUITestsLaunchTests.swift in Sources */,
			);
			runOnlyForDeploymentPostprocessing = 0;
		};
/* End PBXSourcesBuildPhase section */

/* Begin PBXTargetDependency section */
		A1CA0F282C364C780057711F /* PBXTargetDependency */ = {
			isa = PBXTargetDependency;
			target = A1CA0F152C364C760057711F /* TimeChecker */;
			targetProxy = A1CA0F272C364C780057711F /* PBXContainerItemProxy */;
		};
		A1CA0F322C364C780057711F /* PBXTargetDependency */ = {
			isa = PBXTargetDependency;
			target = A1CA0F152C364C760057711F /* TimeChecker */;
			targetProxy = A1CA0F312C364C780057711F /* PBXContainerItemProxy */;
		};
/* End PBXTargetDependency section */

/* Begin XCBuildConfiguration section */
		A1CA0F382C364C780057711F /* Debug */ = {
			isa = XCBuildConfiguration;
			buildSettings = {
				ALWAYS_SEARCH_USER_PATHS = NO;
				ASSETCATALOG_COMPILER_GENERATE_SWIFT_ASSET_SYMBOL_EXTENSIONS = YES;
				CLANG_ANALYZER_NONNULL = YES;
				CLANG_ANALYZER_NUMBER_OBJECT_CONVERSION = YES_AGGRESSIVE;
				CLANG_CXX_LANGUAGE_STANDARD = "gnu++20";
				CLANG_ENABLE_MODULES = YES;
				CLANG_ENABLE_OBJC_ARC = YES;
				CLANG_ENABLE_OBJC_WEAK = YES;
				CLANG_WARN_BLOCK_CAPTURE_AUTORELEASING = YES;
				CLANG_WARN_BOOL_CONVERSION = YES;
				CLANG_WARN_COMMA = YES;
				CLANG_WARN_CONSTANT_CONVERSION = YES;
				CLANG_WARN_DEPRECATED_OBJC_IMPLEMENTATIONS = YES;
				CLANG_WARN_DIRECT_OBJC_ISA_USAGE = YES_ERROR;
				CLANG_WARN_DOCUMENTATION_COMMENTS = YES;
				CLANG_WARN_EMPTY_BODY = YES;
				CLANG_WARN_ENUM_CONVERSION = YES;
				CLANG_WARN_INFINITE_RECURSION = YES;
				CLANG_WARN_INT_CONVERSION = YES;
				CLANG_WARN_NON_LITERAL_NULL_CONVERSION = YES;
				CLANG_WARN_OBJC_IMPLICIT_RETAIN_SELF = YES;
				CLANG_WARN_OBJC_LITERAL_CONVERSION = YES;
				CLANG_WARN_OBJC_ROOT_CLASS = YES_ERROR;
				CLANG_WARN_QUOTED_INCLUDE_IN_FRAMEWORK_HEADER = YES;
				CLANG_WARN_RANGE_LOOP_ANALYSIS = YES;
				CLANG_WARN_STRICT_PROTOTYPES = YES;
				CLANG_WARN_SUSPICIOUS_MOVE = YES;
				CLANG_WARN_UNGUARDED_AVAILABILITY = YES_AGGRESSIVE;
				CLANG_WARN_UNREACHABLE_CODE = YES;
				CLANG_WARN__DUPLICATE_METHOD_MATCH = YES;
				COPY_PHASE_STRIP = NO;
				DEBUG_INFORMATION_FORMAT = dwarf;
				ENABLE_STRICT_OBJC_MSGSEND = YES;
				ENABLE_TESTABILITY = YES;
				ENABLE_USER_SCRIPT_SANDBOXING = YES;
				GCC_C_LANGUAGE_STANDARD = gnu17;
				GCC_DYNAMIC_NO_PIC = NO;
				GCC_NO_COMMON_BLOCKS = YES;
				GCC_OPTIMIZATION_LEVEL = 0;
				GCC_PREPROCESSOR_DEFINITIONS = (
					"DEBUG=1",
					"$(inherited)",
				);
				GCC_WARN_64_TO_32_BIT_CONVERSION = YES;
				GCC_WARN_ABOUT_RETURN_TYPE = YES_ERROR;
				GCC_WARN_UNDECLARED_SELECTOR = YES;
				GCC_WARN_UNINITIALIZED_AUTOS = YES_AGGRESSIVE;
				GCC_WARN_UNUSED_FUNCTION = YES;
				GCC_WARN_UNUSED_VARIABLE = YES;
				IPHONEOS_DEPLOYMENT_TARGET = 17.2;
				LOCALIZATION_PREFERS_STRING_CATALOGS = YES;
				MTL_ENABLE_DEBUG_INFO = INCLUDE_SOURCE;
				MTL_FAST_MATH = YES;
				ONLY_ACTIVE_ARCH = YES;
				SDKROOT = iphoneos;
				SWIFT_ACTIVE_COMPILATION_CONDITIONS = "DEBUG $(inherited)";
				SWIFT_OPTIMIZATION_LEVEL = "-Onone";
			};
			name = Debug;
		};
		A1CA0F392C364C780057711F /* Release */ = {
			isa = XCBuildConfiguration;
			buildSettings = {
				ALWAYS_SEARCH_USER_PATHS = NO;
				ASSETCATALOG_COMPILER_GENERATE_SWIFT_ASSET_SYMBOL_EXTENSIONS = YES;
				CLANG_ANALYZER_NONNULL = YES;
				CLANG_ANALYZER_NUMBER_OBJECT_CONVERSION = YES_AGGRESSIVE;
				CLANG_CXX_LANGUAGE_STANDARD = "gnu++20";
				CLANG_ENABLE_MODULES = YES;
				CLANG_ENABLE_OBJC_ARC = YES;
				CLANG_ENABLE_OBJC_WEAK = YES;
				CLANG_WARN_BLOCK_CAPTURE_AUTORELEASING = YES;
				CLANG_WARN_BOOL_CONVERSION = YES;
				CLANG_WARN_COMMA = YES;
				CLANG_WARN_CONSTANT_CONVERSION = YES;
				CLANG_WARN_DEPRECATED_OBJC_IMPLEMENTATIONS = YES;
				CLANG_WARN_DIRECT_OBJC_ISA_USAGE = YES_ERROR;
				CLANG_WARN_DOCUMENTATION_COMMENTS = YES;
				CLANG_WARN_EMPTY_BODY = YES;
				CLANG_WARN_ENUM_CONVERSION = YES;
				CLANG_WARN_INFINITE_RECURSION = YES;
				CLANG_WARN_INT_CONVERSION = YES;
				CLANG_WARN_NON_LITERAL_NULL_CONVERSION = YES;
				CLANG_WARN_OBJC_IMPLICIT_RETAIN_SELF = YES;
				CLANG_WARN_OBJC_LITERAL_CONVERSION = YES;
				CLANG_WARN_OBJC_ROOT_CLASS = YES_ERROR;
				CLANG_WARN_QUOTED_INCLUDE_IN_FRAMEWORK_HEADER = YES;
				CLANG_WARN_RANGE_LOOP_ANALYSIS = YES;
				CLANG_WARN_STRICT_PROTOTYPES = YES;
				CLANG_WARN_SUSPICIOUS_MOVE = YES;
				CLANG_WARN_UNGUARDED_AVAILABILITY = YES_AGGRESSIVE;
				CLANG_WARN_UNREACHABLE_CODE = YES;
				CLANG_WARN__DUPLICATE_METHOD_MATCH = YES;
				COPY_PHASE_STRIP = NO;
				DEBUG_INFORMATION_FORMAT = "dwarf-with-dsym";
				ENABLE_NS_ASSERTIONS = NO;
				ENABLE_STRICT_OBJC_MSGSEND = YES;
				ENABLE_USER_SCRIPT_SANDBOXING = YES;
				GCC_C_LANGUAGE_STANDARD = gnu17;
				GCC_NO_COMMON_BLOCKS = YES;
				GCC_WARN_64_TO_32_BIT_CONVERSION = YES;
				GCC_WARN_ABOUT_RETURN_TYPE = YES_ERROR;
				GCC_WARN_UNDECLARED_SELECTOR = YES;
				GCC_WARN_UNINITIALIZED_AUTOS = YES_AGGRESSIVE;
				GCC_WARN_UNUSED_FUNCTION = YES;
				GCC_WARN_UNUSED_VARIABLE = YES;
				IPHONEOS_DEPLOYMENT_TARGET = 17.2;
				LOCALIZATION_PREFERS_STRING_CATALOGS = YES;
				MTL_ENABLE_DEBUG_INFO = NO;
				MTL_FAST_MATH = YES;
				SDKROOT = iphoneos;
				SWIFT_COMPILATION_MODE = wholemodule;
				VALIDATE_PRODUCT = YES;
			};
			name = Release;
		};
		A1CA0F3B2C364C780057711F /* Debug */ = {
			isa = XCBuildConfiguration;
			buildSettings = {
				ASSETCATALOG_COMPILER_APPICON_NAME = AppIcon;
				ASSETCATALOG_COMPILER_GLOBAL_ACCENT_COLOR_NAME = AccentColor;
				CODE_SIGN_STYLE = Automatic;
				CURRENT_PROJECT_VERSION = 1;
				DEVELOPMENT_ASSET_PATHS = "\"TimeChecker/Preview Content\"";
				ENABLE_PREVIEWS = YES;
				GENERATE_INFOPLIST_FILE = YES;
				INFOPLIST_KEY_UIApplicationSceneManifest_Generation = YES;
				INFOPLIST_KEY_UIApplicationSupportsIndirectInputEvents = YES;
				INFOPLIST_KEY_UILaunchScreen_Generation = YES;
				INFOPLIST_KEY_UISupportedInterfaceOrientations_iPad = "UIInterfaceOrientationPortrait UIInterfaceOrientationPortraitUpsideDown UIInterfaceOrientationLandscapeLeft UIInterfaceOrientationLandscapeRight";
				INFOPLIST_KEY_UISupportedInterfaceOrientations_iPhone = "UIInterfaceOrientationPortrait UIInterfaceOrientationLandscapeLeft UIInterfaceOrientationLandscapeRight";
				LD_RUNPATH_SEARCH_PATHS = (
					"$(inherited)",
					"@executable_path/Frameworks",
				);
				MARKETING_VERSION = 1.0;
				PRODUCT_BUNDLE_IDENTIFIER = yordgenome.com.TimeChecker;
				PRODUCT_NAME = "$(TARGET_NAME)";
				SWIFT_EMIT_LOC_STRINGS = YES;
				SWIFT_VERSION = 5.0;
				TARGETED_DEVICE_FAMILY = "1,2";
			};
			name = Debug;
		};
		A1CA0F3C2C364C780057711F /* Release */ = {
			isa = XCBuildConfiguration;
			buildSettings = {
				ASSETCATALOG_COMPILER_APPICON_NAME = AppIcon;
				ASSETCATALOG_COMPILER_GLOBAL_ACCENT_COLOR_NAME = AccentColor;
				CODE_SIGN_STYLE = Automatic;
				CURRENT_PROJECT_VERSION = 1;
				DEVELOPMENT_ASSET_PATHS = "\"TimeChecker/Preview Content\"";
				ENABLE_PREVIEWS = YES;
				GENERATE_INFOPLIST_FILE = YES;
				INFOPLIST_KEY_UIApplicationSceneManifest_Generation = YES;
				INFOPLIST_KEY_UIApplicationSupportsIndirectInputEvents = YES;
				INFOPLIST_KEY_UILaunchScreen_Generation = YES;
				INFOPLIST_KEY_UISupportedInterfaceOrientations_iPad = "UIInterfaceOrientationPortrait UIInterfaceOrientationPortraitUpsideDown UIInterfaceOrientationLandscapeLeft UIInterfaceOrientationLandscapeRight";
				INFOPLIST_KEY_UISupportedInterfaceOrientations_iPhone = "UIInterfaceOrientationPortrait UIInterfaceOrientationLandscapeLeft UIInterfaceOrientationLandscapeRight";
				LD_RUNPATH_SEARCH_PATHS = (
					"$(inherited)",
					"@executable_path/Frameworks",
				);
				MARKETING_VERSION = 1.0;
				PRODUCT_BUNDLE_IDENTIFIER = yordgenome.com.TimeChecker;
				PRODUCT_NAME = "$(TARGET_NAME)";
				SWIFT_EMIT_LOC_STRINGS = YES;
				SWIFT_VERSION = 5.0;
				TARGETED_DEVICE_FAMILY = "1,2";
			};
			name = Release;
		};
		A1CA0F3E2C364C780057711F /* Debug */ = {
			isa = XCBuildConfiguration;
			buildSettings = {
				ALWAYS_EMBED_SWIFT_STANDARD_LIBRARIES = YES;
				BUNDLE_LOADER = "$(TEST_HOST)";
				CODE_SIGN_STYLE = Automatic;
				CURRENT_PROJECT_VERSION = 1;
				GENERATE_INFOPLIST_FILE = YES;
				IPHONEOS_DEPLOYMENT_TARGET = 17.2;
				MARKETING_VERSION = 1.0;
				PRODUCT_BUNDLE_IDENTIFIER = yordgenome.com.TimeCheckerTests;
				PRODUCT_NAME = "$(TARGET_NAME)";
				SWIFT_EMIT_LOC_STRINGS = NO;
				SWIFT_VERSION = 5.0;
				TARGETED_DEVICE_FAMILY = "1,2";
				TEST_HOST = "$(BUILT_PRODUCTS_DIR)/TimeChecker.app/$(BUNDLE_EXECUTABLE_FOLDER_PATH)/TimeChecker";
			};
			name = Debug;
		};
		A1CA0F3F2C364C780057711F /* Release */ = {
			isa = XCBuildConfiguration;
			buildSettings = {
				ALWAYS_EMBED_SWIFT_STANDARD_LIBRARIES = YES;
				BUNDLE_LOADER = "$(TEST_HOST)";
				CODE_SIGN_STYLE = Automatic;
				CURRENT_PROJECT_VERSION = 1;
				GENERATE_INFOPLIST_FILE = YES;
				IPHONEOS_DEPLOYMENT_TARGET = 17.2;
				MARKETING_VERSION = 1.0;
				PRODUCT_BUNDLE_IDENTIFIER = yordgenome.com.TimeCheckerTests;
				PRODUCT_NAME = "$(TARGET_NAME)";
				SWIFT_EMIT_LOC_STRINGS = NO;
				SWIFT_VERSION = 5.0;
				TARGETED_DEVICE_FAMILY = "1,2";
				TEST_HOST = "$(BUILT_PRODUCTS_DIR)/TimeChecker.app/$(BUNDLE_EXECUTABLE_FOLDER_PATH)/TimeChecker";
			};
			name = Release;
		};
		A1CA0F412C364C780057711F /* Debug */ = {
			isa = XCBuildConfiguration;
			buildSettings = {
				ALWAYS_EMBED_SWIFT_STANDARD_LIBRARIES = YES;
				CODE_SIGN_STYLE = Automatic;
				CURRENT_PROJECT_VERSION = 1;
				GENERATE_INFOPLIST_FILE = YES;
				MARKETING_VERSION = 1.0;
				PRODUCT_BUNDLE_IDENTIFIER = yordgenome.com.TimeCheckerUITests;
				PRODUCT_NAME = "$(TARGET_NAME)";
				SWIFT_EMIT_LOC_STRINGS = NO;
				SWIFT_VERSION = 5.0;
				TARGETED_DEVICE_FAMILY = "1,2";
				TEST_TARGET_NAME = TimeChecker;
			};
			name = Debug;
		};
		A1CA0F422C364C780057711F /* Release */ = {
			isa = XCBuildConfiguration;
			buildSettings = {
				ALWAYS_EMBED_SWIFT_STANDARD_LIBRARIES = YES;
				CODE_SIGN_STYLE = Automatic;
				CURRENT_PROJECT_VERSION = 1;
				GENERATE_INFOPLIST_FILE = YES;
				MARKETING_VERSION = 1.0;
				PRODUCT_BUNDLE_IDENTIFIER = yordgenome.com.TimeCheckerUITests;
				PRODUCT_NAME = "$(TARGET_NAME)";
				SWIFT_EMIT_LOC_STRINGS = NO;
				SWIFT_VERSION = 5.0;
				TARGETED_DEVICE_FAMILY = "1,2";
				TEST_TARGET_NAME = TimeChecker;
			};
			name = Release;
		};
/* End XCBuildConfiguration section */

/* Begin XCConfigurationList section */
		A1CA0F112C364C760057711F /* Build configuration list for PBXProject "TimeChecker" */ = {
			isa = XCConfigurationList;
			buildConfigurations = (
				A1CA0F382C364C780057711F /* Debug */,
				A1CA0F392C364C780057711F /* Release */,
			);
			defaultConfigurationIsVisible = 0;
			defaultConfigurationName = Release;
		};
		A1CA0F3A2C364C780057711F /* Build configuration list for PBXNativeTarget "TimeChecker" */ = {
			isa = XCConfigurationList;
			buildConfigurations = (
				A1CA0F3B2C364C780057711F /* Debug */,
				A1CA0F3C2C364C780057711F /* Release */,
			);
			defaultConfigurationIsVisible = 0;
			defaultConfigurationName = Release;
		};
		A1CA0F3D2C364C780057711F /* Build configuration list for PBXNativeTarget "TimeCheckerTests" */ = {
			isa = XCConfigurationList;
			buildConfigurations = (
				A1CA0F3E2C364C780057711F /* Debug */,
				A1CA0F3F2C364C780057711F /* Release */,
			);
			defaultConfigurationIsVisible = 0;
			defaultConfigurationName = Release;
		};
		A1CA0F402C364C780057711F /* Build configuration list for PBXNativeTarget "TimeCheckerUITests" */ = {
			isa = XCConfigurationList;
			buildConfigurations = (
				A1CA0F412C364C780057711F /* Debug */,
				A1CA0F422C364C780057711F /* Release */,
			);
			defaultConfigurationIsVisible = 0;
			defaultConfigurationName = Release;
		};
/* End XCConfigurationList section */
	};
	rootObject = A1CA0F0E2C364C760057711F /* Project object */;
}
